<Solution>
  <Folder Name="/Solution Items/">
    <File Path="azure-pipelines.yml" />
    <File Path="README.md" />
  </Folder>
  <Project Path="AlbanianXrm.CDSProj.Sdk/AlbanianXrm.CDSProj.Sdk.csproj" />
  <Project Path="AlbanianXrm.PCFProj.Sdk/AlbanianXrm.PCFProj.Sdk.csproj" />
  <Project Path="AlbanianXrm.WebProj.Sdk/AlbanianXrm.WebProj.Sdk.csproj" />
</Solution>
