
Microsoft Visual Studio Solution File, Format Version 12.00
# Visual Studio Version 17
VisualStudioVersion = 17.14.36414.22
MinimumVisualStudioVersion = 10.0.40219.1
Project("{FAE04EC0-301F-11D3-BF4B-00C04F79EFBC}") = "albx_TestSolution", "albx_TestSolution\albx_TestSolution.cdsproj", "{81F4E2F5-D9E9-411B-879F-06C144F84F3C}"
EndProject
Project("{FAE04EC0-301F-11D3-BF4B-00C04F79EFBC}") = "AlbanianXrm.PluginPackage", "AlbanianXrm.PluginPackage\AlbanianXrm.PluginPackage.csproj", "{D092D4D2-7385-9848-DFD3-C66FDE139A30}"
EndProject
Project("{FAE04EC0-301F-11D3-BF4B-00C04F79EFBC}") = "AlbanianXrm.OtherPluginPackage", "AlbanianXrm.OtherPluginPackage\AlbanianXrm.OtherPluginPackage.csproj", "{8DB6AA66-8BD8-2E01-303C-CAD5E9BE2AC6}"
EndProject
Project("{FAE04EC0-301F-11D3-BF4B-00C04F79EFBC}") = "AlbanianXrm.LinearInputPCF", "AlbanianXrm.LinearInputPCF\AlbanianXrm.LinearInputPCF.pcfproj", "{7A3744CB-7515-47E3-AD37-3EDF2A49B115}"
EndProject
Project("{FAE04EC0-301F-11D3-BF4B-00C04F79EFBC}") = "AlbanianXrm.YetAnotherPluginPackage", "AlbanianXrm.YetAnotherPluginPackage\AlbanianXrm.YetAnotherPluginPackage.csproj", "{10BA6A05-48A6-4355-FF47-C0F8DBE5B0B9}"
EndProject
Global
	GlobalSection(SolutionConfigurationPlatforms) = preSolution
		Debug|Any CPU = Debug|Any CPU
		Debug|x64 = Debug|x64
		Debug|x86 = Debug|x86
		Release|Any CPU = Release|Any CPU
		Release|x64 = Release|x64
		Release|x86 = Release|x86
	EndGlobalSection
	GlobalSection(ProjectConfigurationPlatforms) = postSolution
		{81F4E2F5-D9E9-411B-879F-06C144F84F3C}.Debug|Any CPU.ActiveCfg = Debug|Any CPU
		{81F4E2F5-D9E9-411B-879F-06C144F84F3C}.Debug|Any CPU.Build.0 = Debug|Any CPU
		{81F4E2F5-D9E9-411B-879F-06C144F84F3C}.Debug|x64.ActiveCfg = Debug|Any CPU
		{81F4E2F5-D9E9-411B-879F-06C144F84F3C}.Debug|x64.Build.0 = Debug|Any CPU
		{81F4E2F5-D9E9-411B-879F-06C144F84F3C}.Debug|x86.ActiveCfg = Debug|Any CPU
		{81F4E2F5-D9E9-411B-879F-06C144F84F3C}.Debug|x86.Build.0 = Debug|Any CPU
		{81F4E2F5-D9E9-411B-879F-06C144F84F3C}.Release|Any CPU.ActiveCfg = Release|Any CPU
		{81F4E2F5-D9E9-411B-879F-06C144F84F3C}.Release|Any CPU.Build.0 = Release|Any CPU
		{81F4E2F5-D9E9-411B-879F-06C144F84F3C}.Release|x64.ActiveCfg = Release|Any CPU
		{81F4E2F5-D9E9-411B-879F-06C144F84F3C}.Release|x64.Build.0 = Release|Any CPU
		{81F4E2F5-D9E9-411B-879F-06C144F84F3C}.Release|x86.ActiveCfg = Release|Any CPU
		{81F4E2F5-D9E9-411B-879F-06C144F84F3C}.Release|x86.Build.0 = Release|Any CPU
		{D092D4D2-7385-9848-DFD3-C66FDE139A30}.Debug|Any CPU.ActiveCfg = Debug|Any CPU
		{D092D4D2-7385-9848-DFD3-C66FDE139A30}.Debug|Any CPU.Build.0 = Debug|Any CPU
		{D092D4D2-7385-9848-DFD3-C66FDE139A30}.Debug|x64.ActiveCfg = Debug|Any CPU
		{D092D4D2-7385-9848-DFD3-C66FDE139A30}.Debug|x64.Build.0 = Debug|Any CPU
		{D092D4D2-7385-9848-DFD3-C66FDE139A30}.Debug|x86.ActiveCfg = Debug|Any CPU
		{D092D4D2-7385-9848-DFD3-C66FDE139A30}.Debug|x86.Build.0 = Debug|Any CPU
		{D092D4D2-7385-9848-DFD3-C66FDE139A30}.Release|Any CPU.ActiveCfg = Release|Any CPU
		{D092D4D2-7385-9848-DFD3-C66FDE139A30}.Release|Any CPU.Build.0 = Release|Any CPU
		{D092D4D2-7385-9848-DFD3-C66FDE139A30}.Release|x64.ActiveCfg = Release|Any CPU
		{D092D4D2-7385-9848-DFD3-C66FDE139A30}.Release|x64.Build.0 = Release|Any CPU
		{D092D4D2-7385-9848-DFD3-C66FDE139A30}.Release|x86.ActiveCfg = Release|Any CPU
		{D092D4D2-7385-9848-DFD3-C66FDE139A30}.Release|x86.Build.0 = Release|Any CPU
		{8DB6AA66-8BD8-2E01-303C-CAD5E9BE2AC6}.Debug|Any CPU.ActiveCfg = Debug|Any CPU
		{8DB6AA66-8BD8-2E01-303C-CAD5E9BE2AC6}.Debug|Any CPU.Build.0 = Debug|Any CPU
		{8DB6AA66-8BD8-2E01-303C-CAD5E9BE2AC6}.Debug|x64.ActiveCfg = Debug|Any CPU
		{8DB6AA66-8BD8-2E01-303C-CAD5E9BE2AC6}.Debug|x64.Build.0 = Debug|Any CPU
		{8DB6AA66-8BD8-2E01-303C-CAD5E9BE2AC6}.Debug|x86.ActiveCfg = Debug|Any CPU
		{8DB6AA66-8BD8-2E01-303C-CAD5E9BE2AC6}.Debug|x86.Build.0 = Debug|Any CPU
		{8DB6AA66-8BD8-2E01-303C-CAD5E9BE2AC6}.Release|Any CPU.ActiveCfg = Release|Any CPU
		{8DB6AA66-8BD8-2E01-303C-CAD5E9BE2AC6}.Release|Any CPU.Build.0 = Release|Any CPU
		{8DB6AA66-8BD8-2E01-303C-CAD5E9BE2AC6}.Release|x64.ActiveCfg = Release|Any CPU
		{8DB6AA66-8BD8-2E01-303C-CAD5E9BE2AC6}.Release|x64.Build.0 = Release|Any CPU
		{8DB6AA66-8BD8-2E01-303C-CAD5E9BE2AC6}.Release|x86.ActiveCfg = Release|Any CPU
		{8DB6AA66-8BD8-2E01-303C-CAD5E9BE2AC6}.Release|x86.Build.0 = Release|Any CPU
		{7A3744CB-7515-47E3-AD37-3EDF2A49B115}.Debug|Any CPU.ActiveCfg = Debug|Any CPU
		{7A3744CB-7515-47E3-AD37-3EDF2A49B115}.Debug|Any CPU.Build.0 = Debug|Any CPU
		{7A3744CB-7515-47E3-AD37-3EDF2A49B115}.Debug|x64.ActiveCfg = Debug|Any CPU
		{7A3744CB-7515-47E3-AD37-3EDF2A49B115}.Debug|x64.Build.0 = Debug|Any CPU
		{7A3744CB-7515-47E3-AD37-3EDF2A49B115}.Debug|x86.ActiveCfg = Debug|Any CPU
		{7A3744CB-7515-47E3-AD37-3EDF2A49B115}.Debug|x86.Build.0 = Debug|Any CPU
		{7A3744CB-7515-47E3-AD37-3EDF2A49B115}.Release|Any CPU.ActiveCfg = Release|Any CPU
		{7A3744CB-7515-47E3-AD37-3EDF2A49B115}.Release|Any CPU.Build.0 = Release|Any CPU
		{7A3744CB-7515-47E3-AD37-3EDF2A49B115}.Release|x64.ActiveCfg = Release|Any CPU
		{7A3744CB-7515-47E3-AD37-3EDF2A49B115}.Release|x64.Build.0 = Release|Any CPU
		{7A3744CB-7515-47E3-AD37-3EDF2A49B115}.Release|x86.ActiveCfg = Release|Any CPU
		{7A3744CB-7515-47E3-AD37-3EDF2A49B115}.Release|x86.Build.0 = Release|Any CPU
		{10BA6A05-48A6-4355-FF47-C0F8DBE5B0B9}.Debug|Any CPU.ActiveCfg = Debug|Any CPU
		{10BA6A05-48A6-4355-FF47-C0F8DBE5B0B9}.Debug|Any CPU.Build.0 = Debug|Any CPU
		{10BA6A05-48A6-4355-FF47-C0F8DBE5B0B9}.Debug|x64.ActiveCfg = Debug|Any CPU
		{10BA6A05-48A6-4355-FF47-C0F8DBE5B0B9}.Debug|x64.Build.0 = Debug|Any CPU
		{10BA6A05-48A6-4355-FF47-C0F8DBE5B0B9}.Debug|x86.ActiveCfg = Debug|Any CPU
		{10BA6A05-48A6-4355-FF47-C0F8DBE5B0B9}.Debug|x86.Build.0 = Debug|Any CPU
		{10BA6A05-48A6-4355-FF47-C0F8DBE5B0B9}.Release|Any CPU.ActiveCfg = Release|Any CPU
		{10BA6A05-48A6-4355-FF47-C0F8DBE5B0B9}.Release|Any CPU.Build.0 = Release|Any CPU
		{10BA6A05-48A6-4355-FF47-C0F8DBE5B0B9}.Release|x64.ActiveCfg = Release|Any CPU
		{10BA6A05-48A6-4355-FF47-C0F8DBE5B0B9}.Release|x64.Build.0 = Release|Any CPU
		{10BA6A05-48A6-4355-FF47-C0F8DBE5B0B9}.Release|x86.ActiveCfg = Release|Any CPU
		{10BA6A05-48A6-4355-FF47-C0F8DBE5B0B9}.Release|x86.Build.0 = Release|Any CPU
	EndGlobalSection
	GlobalSection(SolutionProperties) = preSolution
		HideSolutionNode = FALSE
	EndGlobalSection
	GlobalSection(ExtensibilityGlobals) = postSolution
		SolutionGuid = {A13F1853-3DCC-4968-B336-6E712DA681D2}
	EndGlobalSection
EndGlobal
