{
  "version": 2,
  "dependencies": {
    ".NETFramework,Version=v4.6.2": {
      "Microsoft.NETFramework.ReferenceAssemblies": {
        "type": "Direct",
        "requested": "[1.0.3, )",
        "resolved": "1.0.3",
        "contentHash": "vUc9Npcs14QsyOD01tnv/m8sQUnGTGOw1BCmKcv77LBJY7OxhJ+zJF7UD/sCL3lYNFuqmQEVlkfS4Quif6FyYg==",
        "dependencies": {
          "Microsoft.NETFramework.ReferenceAssemblies.net462": "1.0.3"
        }
      },
      "Microsoft.PowerApps.MSBuild.Solution": {
        "type": "Direct",
        "requested": "[2.8.1, )",
        "resolved": "2.8.1",
        "contentHash": "0gw5+lkzRY/AHebDkvzLdAVcuBaE2bc7TywXi5OPWuwYXshqwXsOTfmWSE1/vm2gnT8dx1iGATpcSw4WtgkB2w=="
      },
      "Microsoft.NETFramework.ReferenceAssemblies.net462": {
        "type": "Transitive",
        "resolved": "1.0.3",
        "contentHash": "IzAV30z22ESCeQfxP29oVf4qEo8fBGXLXSU6oacv/9Iqe6PzgHDKCaWfwMBak7bSJQM0F5boXWoZS+kChztRIQ=="
      }
    }
  }
}